
Microsoft Visual Studio Solution File, Format Version 12.00
# Visual Studio 15
VisualStudioVersion = 15.0.27428.2015
MinimumVisualStudioVersion = 10.0.40219.1
Project("{FAE04EC0-301F-11D3-BF4B-00C04F79EFBC}") = "Engine", "Engine\Engine.csproj", "{38AC55B4-A105-468C-963F-8C7696DD147A}"
EndProject
Global
	GlobalSection(SolutionConfigurationPlatforms) = preSolution
		Debug|Any CPU = Debug|Any CPU
		Release|Any CPU = Release|Any CPU
	EndGlobalSection
	GlobalSection(ProjectConfigurationPlatforms) = postSolution
		{38AC55B4-A105-468C-963F-8C7696DD147A}.Debug|Any CPU.ActiveCfg = Debug|Any CPU
		{38AC55B4-A105-468C-963F-8C7696DD147A}.Debug|Any CPU.Build.0 = Debug|Any CPU
		{38AC55B4-A105-468C-963F-8C7696DD147A}.Release|Any CPU.ActiveCfg = Release|Any CPU
		{38AC55B4-A105-468C-963F-8C7696DD147A}.Release|Any CPU.Build.0 = Release|Any CPU
	EndGlobalSection
	GlobalSection(SolutionProperties) = preSolution
		HideSolutionNode = FALSE
	EndGlobalSection
	GlobalSection(ExtensibilityGlobals) = postSolution
		SolutionGuid = {08C47ABD-3DF5-4D32-905A-54FF520B4311}
	EndGlobalSection
EndGlobal
