
Microsoft Visual Studio Solution File, Format Version 12.00
# Visual Studio 15
VisualStudioVersion = 15.0.27428.2015
MinimumVisualStudioVersion = 10.0.40219.1
Project("{FAE04EC0-301F-11D3-BF4B-00C04F79EFBC}") = "Engine", "Engine\Engine.csproj", "{38AC55B4-A105-468C-963F-8C7696DD147A}"
EndProject
Project("{FAE04EC0-301F-11D3-BF4B-00C04F79EFBC}") = "THANOS", "THANOS\THANOS.csproj", "{B08BF061-5734-4A3C-8428-947A92F1B989}"
EndProject
Project("{FAE04EC0-301F-11D3-BF4B-00C04F79EFBC}") = "AsmResolver", "..\AsmResolver2\AsmResolver\AsmResolver.csproj", "{228B5994-1035-4EB0-A095-8D85B6EE1146}"
EndProject
Project("{2150E333-8FDC-42A3-9474-1A3956D46DE8}") = "Solution Items", "Solution Items", "{AB5F4C5E-7755-47EA-99EC-E8652E05BC54}"
	ProjectSection(SolutionItems) = preProject
		README.MD = README.MD
	EndProjectSection
EndProject
Project("{2150E333-8FDC-42A3-9474-1A3956D46DE8}") = "Injectors", "Injectors", "{211E3366-00DB-4A5A-9B27-EDB90BF857C2}"
EndProject
Project("{FAE04EC0-301F-11D3-BF4B-00C04F79EFBC}") = "Injectors.CreateRemoteThread", "Injectors.CreateRemoteThread\Injectors.CreateRemoteThread.csproj", "{AFDDCA2A-C406-431A-8B19-713271258384}"
EndProject
Project("{FAE04EC0-301F-11D3-BF4B-00C04F79EFBC}") = "Injectors.NtCreateThreadEx", "Injectors.NtCreateThreadEx\Injectors.NtCreateThreadEx.csproj", "{6A5E817B-ADC5-43EB-BCBE-6C13EC98F366}"
EndProject
Project("{FAE04EC0-301F-11D3-BF4B-00C04F79EFBC}") = "Injectors.QueueUserAPC", "Injectors.QueueUserAPC\Injectors.QueueUserAPC.csproj", "{4CB5B6DB-4316-4334-A336-8ABFCAAB0855}"
EndProject
Project("{FAE04EC0-301F-11D3-BF4B-00C04F79EFBC}") = "Injectors.RtlCreateUserThread", "Injectors.RtlCreateUserThread\Injectors.RtlCreateUserThread.csproj", "{0EC01259-207A-44D8-90C7-1116F3FC901B}"
EndProject
Project("{FAE04EC0-301F-11D3-BF4B-00C04F79EFBC}") = "Injectors.SetThreadContext", "Injectors.SetThreadContext\Injectors.SetThreadContext.csproj", "{99754E81-2C92-4B7A-8BBB-018AFADFA915}"
EndProject
Global
	GlobalSection(SolutionConfigurationPlatforms) = preSolution
		Debug|Any CPU = Debug|Any CPU
		Debug|x64 = Debug|x64
		Release|Any CPU = Release|Any CPU
		Release|x64 = Release|x64
	EndGlobalSection
	GlobalSection(ProjectConfigurationPlatforms) = postSolution
		{38AC55B4-A105-468C-963F-8C7696DD147A}.Debug|Any CPU.ActiveCfg = Debug|Any CPU
		{38AC55B4-A105-468C-963F-8C7696DD147A}.Debug|Any CPU.Build.0 = Debug|Any CPU
		{38AC55B4-A105-468C-963F-8C7696DD147A}.Debug|x64.ActiveCfg = Debug|x64
		{38AC55B4-A105-468C-963F-8C7696DD147A}.Debug|x64.Build.0 = Debug|x64
		{38AC55B4-A105-468C-963F-8C7696DD147A}.Release|Any CPU.ActiveCfg = Release|Any CPU
		{38AC55B4-A105-468C-963F-8C7696DD147A}.Release|Any CPU.Build.0 = Release|Any CPU
		{38AC55B4-A105-468C-963F-8C7696DD147A}.Release|x64.ActiveCfg = Release|x64
		{38AC55B4-A105-468C-963F-8C7696DD147A}.Release|x64.Build.0 = Release|x64
		{B08BF061-5734-4A3C-8428-947A92F1B989}.Debug|Any CPU.ActiveCfg = Debug|Any CPU
		{B08BF061-5734-4A3C-8428-947A92F1B989}.Debug|Any CPU.Build.0 = Debug|Any CPU
		{B08BF061-5734-4A3C-8428-947A92F1B989}.Debug|x64.ActiveCfg = Debug|x64
		{B08BF061-5734-4A3C-8428-947A92F1B989}.Debug|x64.Build.0 = Debug|x64
		{B08BF061-5734-4A3C-8428-947A92F1B989}.Release|Any CPU.ActiveCfg = Release|Any CPU
		{B08BF061-5734-4A3C-8428-947A92F1B989}.Release|Any CPU.Build.0 = Release|Any CPU
		{B08BF061-5734-4A3C-8428-947A92F1B989}.Release|x64.ActiveCfg = Release|x64
		{B08BF061-5734-4A3C-8428-947A92F1B989}.Release|x64.Build.0 = Release|x64
		{228B5994-1035-4EB0-A095-8D85B6EE1146}.Debug|Any CPU.ActiveCfg = Debug|Any CPU
		{228B5994-1035-4EB0-A095-8D85B6EE1146}.Debug|Any CPU.Build.0 = Debug|Any CPU
		{228B5994-1035-4EB0-A095-8D85B6EE1146}.Debug|x64.ActiveCfg = Debug|x64
		{228B5994-1035-4EB0-A095-8D85B6EE1146}.Debug|x64.Build.0 = Debug|x64
		{228B5994-1035-4EB0-A095-8D85B6EE1146}.Release|Any CPU.ActiveCfg = Release|Any CPU
		{228B5994-1035-4EB0-A095-8D85B6EE1146}.Release|Any CPU.Build.0 = Release|Any CPU
		{228B5994-1035-4EB0-A095-8D85B6EE1146}.Release|x64.ActiveCfg = Release|x64
		{228B5994-1035-4EB0-A095-8D85B6EE1146}.Release|x64.Build.0 = Release|x64
		{AFDDCA2A-C406-431A-8B19-713271258384}.Debug|Any CPU.ActiveCfg = Debug|Any CPU
		{AFDDCA2A-C406-431A-8B19-713271258384}.Debug|Any CPU.Build.0 = Debug|Any CPU
		{AFDDCA2A-C406-431A-8B19-713271258384}.Debug|x64.ActiveCfg = Debug|Any CPU
		{AFDDCA2A-C406-431A-8B19-713271258384}.Debug|x64.Build.0 = Debug|Any CPU
		{AFDDCA2A-C406-431A-8B19-713271258384}.Release|Any CPU.ActiveCfg = Release|Any CPU
		{AFDDCA2A-C406-431A-8B19-713271258384}.Release|Any CPU.Build.0 = Release|Any CPU
		{AFDDCA2A-C406-431A-8B19-713271258384}.Release|x64.ActiveCfg = Release|Any CPU
		{AFDDCA2A-C406-431A-8B19-713271258384}.Release|x64.Build.0 = Release|Any CPU
		{6A5E817B-ADC5-43EB-BCBE-6C13EC98F366}.Debug|Any CPU.ActiveCfg = Debug|Any CPU
		{6A5E817B-ADC5-43EB-BCBE-6C13EC98F366}.Debug|Any CPU.Build.0 = Debug|Any CPU
		{6A5E817B-ADC5-43EB-BCBE-6C13EC98F366}.Debug|x64.ActiveCfg = Debug|Any CPU
		{6A5E817B-ADC5-43EB-BCBE-6C13EC98F366}.Debug|x64.Build.0 = Debug|Any CPU
		{6A5E817B-ADC5-43EB-BCBE-6C13EC98F366}.Release|Any CPU.ActiveCfg = Release|Any CPU
		{6A5E817B-ADC5-43EB-BCBE-6C13EC98F366}.Release|Any CPU.Build.0 = Release|Any CPU
		{6A5E817B-ADC5-43EB-BCBE-6C13EC98F366}.Release|x64.ActiveCfg = Release|Any CPU
		{6A5E817B-ADC5-43EB-BCBE-6C13EC98F366}.Release|x64.Build.0 = Release|Any CPU
		{4CB5B6DB-4316-4334-A336-8ABFCAAB0855}.Debug|Any CPU.ActiveCfg = Debug|Any CPU
		{4CB5B6DB-4316-4334-A336-8ABFCAAB0855}.Debug|Any CPU.Build.0 = Debug|Any CPU
		{4CB5B6DB-4316-4334-A336-8ABFCAAB0855}.Debug|x64.ActiveCfg = Debug|Any CPU
		{4CB5B6DB-4316-4334-A336-8ABFCAAB0855}.Debug|x64.Build.0 = Debug|Any CPU
		{4CB5B6DB-4316-4334-A336-8ABFCAAB0855}.Release|Any CPU.ActiveCfg = Release|Any CPU
		{4CB5B6DB-4316-4334-A336-8ABFCAAB0855}.Release|Any CPU.Build.0 = Release|Any CPU
		{4CB5B6DB-4316-4334-A336-8ABFCAAB0855}.Release|x64.ActiveCfg = Release|Any CPU
		{4CB5B6DB-4316-4334-A336-8ABFCAAB0855}.Release|x64.Build.0 = Release|Any CPU
		{0EC01259-207A-44D8-90C7-1116F3FC901B}.Debug|Any CPU.ActiveCfg = Debug|Any CPU
		{0EC01259-207A-44D8-90C7-1116F3FC901B}.Debug|Any CPU.Build.0 = Debug|Any CPU
		{0EC01259-207A-44D8-90C7-1116F3FC901B}.Debug|x64.ActiveCfg = Debug|Any CPU
		{0EC01259-207A-44D8-90C7-1116F3FC901B}.Debug|x64.Build.0 = Debug|Any CPU
		{0EC01259-207A-44D8-90C7-1116F3FC901B}.Release|Any CPU.ActiveCfg = Release|Any CPU
		{0EC01259-207A-44D8-90C7-1116F3FC901B}.Release|Any CPU.Build.0 = Release|Any CPU
		{0EC01259-207A-44D8-90C7-1116F3FC901B}.Release|x64.ActiveCfg = Release|Any CPU
		{0EC01259-207A-44D8-90C7-1116F3FC901B}.Release|x64.Build.0 = Release|Any CPU
		{99754E81-2C92-4B7A-8BBB-018AFADFA915}.Debug|Any CPU.ActiveCfg = Debug|Any CPU
		{99754E81-2C92-4B7A-8BBB-018AFADFA915}.Debug|Any CPU.Build.0 = Debug|Any CPU
		{99754E81-2C92-4B7A-8BBB-018AFADFA915}.Debug|x64.ActiveCfg = Debug|Any CPU
		{99754E81-2C92-4B7A-8BBB-018AFADFA915}.Debug|x64.Build.0 = Debug|Any CPU
		{99754E81-2C92-4B7A-8BBB-018AFADFA915}.Release|Any CPU.ActiveCfg = Release|Any CPU
		{99754E81-2C92-4B7A-8BBB-018AFADFA915}.Release|Any CPU.Build.0 = Release|Any CPU
		{99754E81-2C92-4B7A-8BBB-018AFADFA915}.Release|x64.ActiveCfg = Release|Any CPU
		{99754E81-2C92-4B7A-8BBB-018AFADFA915}.Release|x64.Build.0 = Release|Any CPU
	EndGlobalSection
	GlobalSection(SolutionProperties) = preSolution
		HideSolutionNode = FALSE
	EndGlobalSection
	GlobalSection(NestedProjects) = preSolution
		{AFDDCA2A-C406-431A-8B19-713271258384} = {211E3366-00DB-4A5A-9B27-EDB90BF857C2}
		{6A5E817B-ADC5-43EB-BCBE-6C13EC98F366} = {211E3366-00DB-4A5A-9B27-EDB90BF857C2}
		{4CB5B6DB-4316-4334-A336-8ABFCAAB0855} = {211E3366-00DB-4A5A-9B27-EDB90BF857C2}
		{0EC01259-207A-44D8-90C7-1116F3FC901B} = {211E3366-00DB-4A5A-9B27-EDB90BF857C2}
		{99754E81-2C92-4B7A-8BBB-018AFADFA915} = {211E3366-00DB-4A5A-9B27-EDB90BF857C2}
	EndGlobalSection
	GlobalSection(ExtensibilityGlobals) = postSolution
		SolutionGuid = {08C47ABD-3DF5-4D32-905A-54FF520B4311}
	EndGlobalSection
EndGlobal
